
Microsoft Visual Studio Solution File, Format Version 12.00
# Visual Studio Version 17
VisualStudioVersion = 17.3.32819.101
MinimumVisualStudioVersion = 10.0.40219.1
Project("{888888A0-9F3D-457C-B088-3A5042F75D52}") = "Nas Scanner", "Nas Scanner.pyproj", "{16DA0D24-C79D-46F2-8522-1C93D79FA826}"
EndProject
Global
	GlobalSection(SolutionConfigurationPlatforms) = preSolution
		Debug|Any CPU = Debug|Any CPU
		Release|Any CPU = Release|Any CPU
	EndGlobalSection
	GlobalSection(ProjectConfigurationPlatforms) = postSolution
		{16DA0D24-C79D-46F2-8522-1C93D79FA826}.Debug|Any CPU.ActiveCfg = Debug|Any CPU
		{16DA0D24-C79D-46F2-8522-1C93D79FA826}.Release|Any CPU.ActiveCfg = Release|Any CPU
	EndGlobalSection
	GlobalSection(SolutionProperties) = preSolution
		HideSolutionNode = FALSE
	EndGlobalSection
	GlobalSection(ExtensibilityGlobals) = postSolution
		SolutionGuid = {D4B63DCD-6D69-49F6-8795-8B7E0E535D53}
	EndGlobalSection
EndGlobal
